
Microsoft Visual Studio Solution File, Format Version 12.00
# Visual Studio Version 17
VisualStudioVersion = 17.10.35004.147
MinimumVisualStudioVersion = 10.0.40219.1
Project("{9A19103F-16F7-4668-BE54-9A1E7A4F7556}") = "Snake.Console", "Snake.Console\Snake.Console.csproj", "{4A0A55A6-1477-4555-895B-A8C8BDC94CA7}"
EndProject
Project("{FAE04EC0-301F-11D3-BF4B-00C04F79EFBC}") = "Snake.Core", "Snake.Core\Snake.Core.csproj", "{34023EDE-9C7C-41B6-B3A0-D024EF70CAD0}"
EndProject
Project("{FAE04EC0-301F-11D3-BF4B-00C04F79EFBC}") = "Snake.Desktop", "Snake.Desktop\Snake.Desktop.csproj", "{3A2BCCD9-7366-43DD-9425-55B69D06D480}"
EndProject
Project("{2150E333-8FDC-42A3-9474-1A3956D46DE8}") = "View", "View", "{34BA2C53-C637-4B6E-BD5F-8D7E20AA3869}"
EndProject
Global
	GlobalSection(SolutionConfigurationPlatforms) = preSolution
		Debug|Any CPU = Debug|Any CPU
		Release|Any CPU = Release|Any CPU
	EndGlobalSection
	GlobalSection(ProjectConfigurationPlatforms) = postSolution
		{4A0A55A6-1477-4555-895B-A8C8BDC94CA7}.Debug|Any CPU.ActiveCfg = Debug|Any CPU
		{4A0A55A6-1477-4555-895B-A8C8BDC94CA7}.Debug|Any CPU.Build.0 = Debug|Any CPU
		{4A0A55A6-1477-4555-895B-A8C8BDC94CA7}.Release|Any CPU.ActiveCfg = Release|Any CPU
		{4A0A55A6-1477-4555-895B-A8C8BDC94CA7}.Release|Any CPU.Build.0 = Release|Any CPU
		{34023EDE-9C7C-41B6-B3A0-D024EF70CAD0}.Debug|Any CPU.ActiveCfg = Debug|Any CPU
		{34023EDE-9C7C-41B6-B3A0-D024EF70CAD0}.Debug|Any CPU.Build.0 = Debug|Any CPU
		{34023EDE-9C7C-41B6-B3A0-D024EF70CAD0}.Release|Any CPU.ActiveCfg = Release|Any CPU
		{34023EDE-9C7C-41B6-B3A0-D024EF70CAD0}.Release|Any CPU.Build.0 = Release|Any CPU
		{3A2BCCD9-7366-43DD-9425-55B69D06D480}.Debug|Any CPU.ActiveCfg = Debug|Any CPU
		{3A2BCCD9-7366-43DD-9425-55B69D06D480}.Debug|Any CPU.Build.0 = Debug|Any CPU
		{3A2BCCD9-7366-43DD-9425-55B69D06D480}.Release|Any CPU.ActiveCfg = Release|Any CPU
		{3A2BCCD9-7366-43DD-9425-55B69D06D480}.Release|Any CPU.Build.0 = Release|Any CPU
	EndGlobalSection
	GlobalSection(SolutionProperties) = preSolution
		HideSolutionNode = FALSE
	EndGlobalSection
	GlobalSection(NestedProjects) = preSolution
		{4A0A55A6-1477-4555-895B-A8C8BDC94CA7} = {34BA2C53-C637-4B6E-BD5F-8D7E20AA3869}
		{3A2BCCD9-7366-43DD-9425-55B69D06D480} = {34BA2C53-C637-4B6E-BD5F-8D7E20AA3869}
	EndGlobalSection
	GlobalSection(ExtensibilityGlobals) = postSolution
		SolutionGuid = {0AE50BD6-8EAA-4A86-99E3-126B83A66272}
	EndGlobalSection
EndGlobal
