
Microsoft Visual Studio Solution File, Format Version 12.00
# Visual Studio Version 18
VisualStudioVersion = 18.0.11205.157
MinimumVisualStudioVersion = 10.0.40219.1
Project("{FAE04EC0-301F-11D3-BF4B-00C04F79EFBC}") = "Snake.Console", "Snake.Console\Snake.Console.csproj", "{1942D0D9-0A6F-44EE-9622-5A6452E86C6E}"
EndProject
Project("{FAE04EC0-301F-11D3-BF4B-00C04F79EFBC}") = "Snake.Core", "Snake.Core\Snake.Core.csproj", "{E0F01F6A-5BE4-479F-A0D7-70FDC6A6C21F}"
EndProject
Project("{FAE04EC0-301F-11D3-BF4B-00C04F79EFBC}") = "Snake.Desktop", "Snake.Desktop\Snake.Desktop.csproj", "{15FD36DB-1DDC-4A71-A723-18A60AE098CE}"
EndProject
Project("{FAE04EC0-301F-11D3-BF4B-00C04F79EFBC}") = "Keystrokes.Console", "Keystrokes.Console\Keystrokes.Console.csproj", "{4CB4CD37-31A4-45FC-B100-79DFF865F08B}"
EndProject
Project("{FAE04EC0-301F-11D3-BF4B-00C04F79EFBC}") = "Showcase", "Showcase\Showcase.csproj", "{70662EC0-DD71-4783-9A9D-1BF0420547E4}"
EndProject
Project("{FAE04EC0-301F-11D3-BF4B-00C04F79EFBC}") = "Biometrics", "Biometrics\Biometrics.csproj", "{2246BAAD-1D60-4A5D-B5A4-F17895B4BD81}"
EndProject
Project("{FAE04EC0-301F-11D3-BF4B-00C04F79EFBC}") = "Benchmarking", "Benchmarking\Benchmarking.csproj", "{C9A42130-3D9A-48E6-A73C-EF4F9DF09FEA}"
EndProject
Project("{FAE04EC0-301F-11D3-BF4B-00C04F79EFBC}") = "SeleniumTests", "SeleniumTests\SeleniumTests.csproj", "{3767C15A-1A1A-4692-AC0F-A92862C4C2FD}"
EndProject
Project("{FAE04EC0-301F-11D3-BF4B-00C04F79EFBC}") = "Biometrics.xTests", "Biometrics.xTests\Biometrics.xTests.csproj", "{138DC7E6-FF1E-483B-B5AB-771125B1F2D5}"
EndProject
Project("{F2A71F9B-5D33-465A-A702-920D77279786}") = "Biometrics.pTests", "Biometrics.pTests\Biometrics.pTests.fsproj", "{2A006EC8-C091-4820-BFB7-381F2B770C9A}"
EndProject
Project("{FAE04EC0-301F-11D3-BF4B-00C04F79EFBC}") = "Biometrics.Validations", "Biometrics.Validations\Biometrics.Validations.csproj", "{28DFE9BA-AD14-47EF-BB83-6958A2E58598}"
EndProject
Project("{FAE04EC0-301F-11D3-BF4B-00C04F79EFBC}") = "Showcase2026", "Showcase2026\Showcase2026.csproj", "{9D93E109-89C1-4EDD-8BCC-259096246174}"
EndProject
Project("{FAE04EC0-301F-11D3-BF4B-00C04F79EFBC}") = "Casino", "Casino\Casino.csproj", "{603A1E51-CDA1-4B24-8E94-3A96E5EC38C1}"
EndProject
Project("{FAE04EC0-301F-11D3-BF4B-00C04F79EFBC}") = "Casino.Core", "Casino.Core\Casino.Core.csproj", "{5AB7FC9D-F736-4557-95D1-2D496ADC30E8}"
EndProject
Global
	GlobalSection(SolutionConfigurationPlatforms) = preSolution
		Debug|Any CPU = Debug|Any CPU
		Debug|x64 = Debug|x64
		Debug|x86 = Debug|x86
		Release|Any CPU = Release|Any CPU
		Release|x64 = Release|x64
		Release|x86 = Release|x86
	EndGlobalSection
	GlobalSection(ProjectConfigurationPlatforms) = postSolution
		{1942D0D9-0A6F-44EE-9622-5A6452E86C6E}.Debug|Any CPU.ActiveCfg = Debug|Any CPU
		{1942D0D9-0A6F-44EE-9622-5A6452E86C6E}.Debug|Any CPU.Build.0 = Debug|Any CPU
		{1942D0D9-0A6F-44EE-9622-5A6452E86C6E}.Debug|x64.ActiveCfg = Debug|Any CPU
		{1942D0D9-0A6F-44EE-9622-5A6452E86C6E}.Debug|x64.Build.0 = Debug|Any CPU
		{1942D0D9-0A6F-44EE-9622-5A6452E86C6E}.Debug|x86.ActiveCfg = Debug|Any CPU
		{1942D0D9-0A6F-44EE-9622-5A6452E86C6E}.Debug|x86.Build.0 = Debug|Any CPU
		{1942D0D9-0A6F-44EE-9622-5A6452E86C6E}.Release|Any CPU.ActiveCfg = Release|Any CPU
		{1942D0D9-0A6F-44EE-9622-5A6452E86C6E}.Release|Any CPU.Build.0 = Release|Any CPU
		{1942D0D9-0A6F-44EE-9622-5A6452E86C6E}.Release|x64.ActiveCfg = Release|Any CPU
		{1942D0D9-0A6F-44EE-9622-5A6452E86C6E}.Release|x64.Build.0 = Release|Any CPU
		{1942D0D9-0A6F-44EE-9622-5A6452E86C6E}.Release|x86.ActiveCfg = Release|Any CPU
		{1942D0D9-0A6F-44EE-9622-5A6452E86C6E}.Release|x86.Build.0 = Release|Any CPU
		{E0F01F6A-5BE4-479F-A0D7-70FDC6A6C21F}.Debug|Any CPU.ActiveCfg = Debug|Any CPU
		{E0F01F6A-5BE4-479F-A0D7-70FDC6A6C21F}.Debug|Any CPU.Build.0 = Debug|Any CPU
		{E0F01F6A-5BE4-479F-A0D7-70FDC6A6C21F}.Debug|x64.ActiveCfg = Debug|Any CPU
		{E0F01F6A-5BE4-479F-A0D7-70FDC6A6C21F}.Debug|x64.Build.0 = Debug|Any CPU
		{E0F01F6A-5BE4-479F-A0D7-70FDC6A6C21F}.Debug|x86.ActiveCfg = Debug|Any CPU
		{E0F01F6A-5BE4-479F-A0D7-70FDC6A6C21F}.Debug|x86.Build.0 = Debug|Any CPU
		{E0F01F6A-5BE4-479F-A0D7-70FDC6A6C21F}.Release|Any CPU.ActiveCfg = Release|Any CPU
		{E0F01F6A-5BE4-479F-A0D7-70FDC6A6C21F}.Release|Any CPU.Build.0 = Release|Any CPU
		{E0F01F6A-5BE4-479F-A0D7-70FDC6A6C21F}.Release|x64.ActiveCfg = Release|Any CPU
		{E0F01F6A-5BE4-479F-A0D7-70FDC6A6C21F}.Release|x64.Build.0 = Release|Any CPU
		{E0F01F6A-5BE4-479F-A0D7-70FDC6A6C21F}.Release|x86.ActiveCfg = Release|Any CPU
		{E0F01F6A-5BE4-479F-A0D7-70FDC6A6C21F}.Release|x86.Build.0 = Release|Any CPU
		{15FD36DB-1DDC-4A71-A723-18A60AE098CE}.Debug|Any CPU.ActiveCfg = Debug|Any CPU
		{15FD36DB-1DDC-4A71-A723-18A60AE098CE}.Debug|Any CPU.Build.0 = Debug|Any CPU
		{15FD36DB-1DDC-4A71-A723-18A60AE098CE}.Debug|x64.ActiveCfg = Debug|Any CPU
		{15FD36DB-1DDC-4A71-A723-18A60AE098CE}.Debug|x64.Build.0 = Debug|Any CPU
		{15FD36DB-1DDC-4A71-A723-18A60AE098CE}.Debug|x86.ActiveCfg = Debug|Any CPU
		{15FD36DB-1DDC-4A71-A723-18A60AE098CE}.Debug|x86.Build.0 = Debug|Any CPU
		{15FD36DB-1DDC-4A71-A723-18A60AE098CE}.Release|Any CPU.ActiveCfg = Release|Any CPU
		{15FD36DB-1DDC-4A71-A723-18A60AE098CE}.Release|Any CPU.Build.0 = Release|Any CPU
		{15FD36DB-1DDC-4A71-A723-18A60AE098CE}.Release|x64.ActiveCfg = Release|Any CPU
		{15FD36DB-1DDC-4A71-A723-18A60AE098CE}.Release|x64.Build.0 = Release|Any CPU
		{15FD36DB-1DDC-4A71-A723-18A60AE098CE}.Release|x86.ActiveCfg = Release|Any CPU
		{15FD36DB-1DDC-4A71-A723-18A60AE098CE}.Release|x86.Build.0 = Release|Any CPU
		{4CB4CD37-31A4-45FC-B100-79DFF865F08B}.Debug|Any CPU.ActiveCfg = Debug|Any CPU
		{4CB4CD37-31A4-45FC-B100-79DFF865F08B}.Debug|Any CPU.Build.0 = Debug|Any CPU
		{4CB4CD37-31A4-45FC-B100-79DFF865F08B}.Debug|x64.ActiveCfg = Debug|Any CPU
		{4CB4CD37-31A4-45FC-B100-79DFF865F08B}.Debug|x64.Build.0 = Debug|Any CPU
		{4CB4CD37-31A4-45FC-B100-79DFF865F08B}.Debug|x86.ActiveCfg = Debug|Any CPU
		{4CB4CD37-31A4-45FC-B100-79DFF865F08B}.Debug|x86.Build.0 = Debug|Any CPU
		{4CB4CD37-31A4-45FC-B100-79DFF865F08B}.Release|Any CPU.ActiveCfg = Release|Any CPU
		{4CB4CD37-31A4-45FC-B100-79DFF865F08B}.Release|Any CPU.Build.0 = Release|Any CPU
		{4CB4CD37-31A4-45FC-B100-79DFF865F08B}.Release|x64.ActiveCfg = Release|Any CPU
		{4CB4CD37-31A4-45FC-B100-79DFF865F08B}.Release|x64.Build.0 = Release|Any CPU
		{4CB4CD37-31A4-45FC-B100-79DFF865F08B}.Release|x86.ActiveCfg = Release|Any CPU
		{4CB4CD37-31A4-45FC-B100-79DFF865F08B}.Release|x86.Build.0 = Release|Any CPU
		{70662EC0-DD71-4783-9A9D-1BF0420547E4}.Debug|Any CPU.ActiveCfg = Debug|Any CPU
		{70662EC0-DD71-4783-9A9D-1BF0420547E4}.Debug|Any CPU.Build.0 = Debug|Any CPU
		{70662EC0-DD71-4783-9A9D-1BF0420547E4}.Debug|x64.ActiveCfg = Debug|Any CPU
		{70662EC0-DD71-4783-9A9D-1BF0420547E4}.Debug|x64.Build.0 = Debug|Any CPU
		{70662EC0-DD71-4783-9A9D-1BF0420547E4}.Debug|x86.ActiveCfg = Debug|Any CPU
		{70662EC0-DD71-4783-9A9D-1BF0420547E4}.Debug|x86.Build.0 = Debug|Any CPU
		{70662EC0-DD71-4783-9A9D-1BF0420547E4}.Release|Any CPU.ActiveCfg = Release|Any CPU
		{70662EC0-DD71-4783-9A9D-1BF0420547E4}.Release|Any CPU.Build.0 = Release|Any CPU
		{70662EC0-DD71-4783-9A9D-1BF0420547E4}.Release|x64.ActiveCfg = Release|Any CPU
		{70662EC0-DD71-4783-9A9D-1BF0420547E4}.Release|x64.Build.0 = Release|Any CPU
		{70662EC0-DD71-4783-9A9D-1BF0420547E4}.Release|x86.ActiveCfg = Release|Any CPU
		{70662EC0-DD71-4783-9A9D-1BF0420547E4}.Release|x86.Build.0 = Release|Any CPU
		{2246BAAD-1D60-4A5D-B5A4-F17895B4BD81}.Debug|Any CPU.ActiveCfg = Debug|Any CPU
		{2246BAAD-1D60-4A5D-B5A4-F17895B4BD81}.Debug|Any CPU.Build.0 = Debug|Any CPU
		{2246BAAD-1D60-4A5D-B5A4-F17895B4BD81}.Debug|x64.ActiveCfg = Debug|Any CPU
		{2246BAAD-1D60-4A5D-B5A4-F17895B4BD81}.Debug|x64.Build.0 = Debug|Any CPU
		{2246BAAD-1D60-4A5D-B5A4-F17895B4BD81}.Debug|x86.ActiveCfg = Debug|Any CPU
		{2246BAAD-1D60-4A5D-B5A4-F17895B4BD81}.Debug|x86.Build.0 = Debug|Any CPU
		{2246BAAD-1D60-4A5D-B5A4-F17895B4BD81}.Release|Any CPU.ActiveCfg = Release|Any CPU
		{2246BAAD-1D60-4A5D-B5A4-F17895B4BD81}.Release|Any CPU.Build.0 = Release|Any CPU
		{2246BAAD-1D60-4A5D-B5A4-F17895B4BD81}.Release|x64.ActiveCfg = Release|Any CPU
		{2246BAAD-1D60-4A5D-B5A4-F17895B4BD81}.Release|x64.Build.0 = Release|Any CPU
		{2246BAAD-1D60-4A5D-B5A4-F17895B4BD81}.Release|x86.ActiveCfg = Release|Any CPU
		{2246BAAD-1D60-4A5D-B5A4-F17895B4BD81}.Release|x86.Build.0 = Release|Any CPU
		{C9A42130-3D9A-48E6-A73C-EF4F9DF09FEA}.Debug|Any CPU.ActiveCfg = Debug|Any CPU
		{C9A42130-3D9A-48E6-A73C-EF4F9DF09FEA}.Debug|Any CPU.Build.0 = Debug|Any CPU
		{C9A42130-3D9A-48E6-A73C-EF4F9DF09FEA}.Debug|x64.ActiveCfg = Debug|Any CPU
		{C9A42130-3D9A-48E6-A73C-EF4F9DF09FEA}.Debug|x64.Build.0 = Debug|Any CPU
		{C9A42130-3D9A-48E6-A73C-EF4F9DF09FEA}.Debug|x86.ActiveCfg = Debug|Any CPU
		{C9A42130-3D9A-48E6-A73C-EF4F9DF09FEA}.Debug|x86.Build.0 = Debug|Any CPU
		{C9A42130-3D9A-48E6-A73C-EF4F9DF09FEA}.Release|Any CPU.ActiveCfg = Release|Any CPU
		{C9A42130-3D9A-48E6-A73C-EF4F9DF09FEA}.Release|Any CPU.Build.0 = Release|Any CPU
		{C9A42130-3D9A-48E6-A73C-EF4F9DF09FEA}.Release|x64.ActiveCfg = Release|Any CPU
		{C9A42130-3D9A-48E6-A73C-EF4F9DF09FEA}.Release|x64.Build.0 = Release|Any CPU
		{C9A42130-3D9A-48E6-A73C-EF4F9DF09FEA}.Release|x86.ActiveCfg = Release|Any CPU
		{C9A42130-3D9A-48E6-A73C-EF4F9DF09FEA}.Release|x86.Build.0 = Release|Any CPU
		{3767C15A-1A1A-4692-AC0F-A92862C4C2FD}.Debug|Any CPU.ActiveCfg = Debug|Any CPU
		{3767C15A-1A1A-4692-AC0F-A92862C4C2FD}.Debug|Any CPU.Build.0 = Debug|Any CPU
		{3767C15A-1A1A-4692-AC0F-A92862C4C2FD}.Debug|x64.ActiveCfg = Debug|Any CPU
		{3767C15A-1A1A-4692-AC0F-A92862C4C2FD}.Debug|x64.Build.0 = Debug|Any CPU
		{3767C15A-1A1A-4692-AC0F-A92862C4C2FD}.Debug|x86.ActiveCfg = Debug|Any CPU
		{3767C15A-1A1A-4692-AC0F-A92862C4C2FD}.Debug|x86.Build.0 = Debug|Any CPU
		{3767C15A-1A1A-4692-AC0F-A92862C4C2FD}.Release|Any CPU.ActiveCfg = Release|Any CPU
		{3767C15A-1A1A-4692-AC0F-A92862C4C2FD}.Release|Any CPU.Build.0 = Release|Any CPU
		{3767C15A-1A1A-4692-AC0F-A92862C4C2FD}.Release|x64.ActiveCfg = Release|Any CPU
		{3767C15A-1A1A-4692-AC0F-A92862C4C2FD}.Release|x64.Build.0 = Release|Any CPU
		{3767C15A-1A1A-4692-AC0F-A92862C4C2FD}.Release|x86.ActiveCfg = Release|Any CPU
		{3767C15A-1A1A-4692-AC0F-A92862C4C2FD}.Release|x86.Build.0 = Release|Any CPU
		{138DC7E6-FF1E-483B-B5AB-771125B1F2D5}.Debug|Any CPU.ActiveCfg = Debug|Any CPU
		{138DC7E6-FF1E-483B-B5AB-771125B1F2D5}.Debug|Any CPU.Build.0 = Debug|Any CPU
		{138DC7E6-FF1E-483B-B5AB-771125B1F2D5}.Debug|x64.ActiveCfg = Debug|Any CPU
		{138DC7E6-FF1E-483B-B5AB-771125B1F2D5}.Debug|x64.Build.0 = Debug|Any CPU
		{138DC7E6-FF1E-483B-B5AB-771125B1F2D5}.Debug|x86.ActiveCfg = Debug|Any CPU
		{138DC7E6-FF1E-483B-B5AB-771125B1F2D5}.Debug|x86.Build.0 = Debug|Any CPU
		{138DC7E6-FF1E-483B-B5AB-771125B1F2D5}.Release|Any CPU.ActiveCfg = Release|Any CPU
		{138DC7E6-FF1E-483B-B5AB-771125B1F2D5}.Release|Any CPU.Build.0 = Release|Any CPU
		{138DC7E6-FF1E-483B-B5AB-771125B1F2D5}.Release|x64.ActiveCfg = Release|Any CPU
		{138DC7E6-FF1E-483B-B5AB-771125B1F2D5}.Release|x64.Build.0 = Release|Any CPU
		{138DC7E6-FF1E-483B-B5AB-771125B1F2D5}.Release|x86.ActiveCfg = Release|Any CPU
		{138DC7E6-FF1E-483B-B5AB-771125B1F2D5}.Release|x86.Build.0 = Release|Any CPU
		{2A006EC8-C091-4820-BFB7-381F2B770C9A}.Debug|Any CPU.ActiveCfg = Debug|Any CPU
		{2A006EC8-C091-4820-BFB7-381F2B770C9A}.Debug|Any CPU.Build.0 = Debug|Any CPU
		{2A006EC8-C091-4820-BFB7-381F2B770C9A}.Debug|x64.ActiveCfg = Debug|Any CPU
		{2A006EC8-C091-4820-BFB7-381F2B770C9A}.Debug|x64.Build.0 = Debug|Any CPU
		{2A006EC8-C091-4820-BFB7-381F2B770C9A}.Debug|x86.ActiveCfg = Debug|Any CPU
		{2A006EC8-C091-4820-BFB7-381F2B770C9A}.Debug|x86.Build.0 = Debug|Any CPU
		{2A006EC8-C091-4820-BFB7-381F2B770C9A}.Release|Any CPU.ActiveCfg = Release|Any CPU
		{2A006EC8-C091-4820-BFB7-381F2B770C9A}.Release|Any CPU.Build.0 = Release|Any CPU
		{2A006EC8-C091-4820-BFB7-381F2B770C9A}.Release|x64.ActiveCfg = Release|Any CPU
		{2A006EC8-C091-4820-BFB7-381F2B770C9A}.Release|x64.Build.0 = Release|Any CPU
		{2A006EC8-C091-4820-BFB7-381F2B770C9A}.Release|x86.ActiveCfg = Release|Any CPU
		{2A006EC8-C091-4820-BFB7-381F2B770C9A}.Release|x86.Build.0 = Release|Any CPU
		{28DFE9BA-AD14-47EF-BB83-6958A2E58598}.Debug|Any CPU.ActiveCfg = Debug|Any CPU
		{28DFE9BA-AD14-47EF-BB83-6958A2E58598}.Debug|Any CPU.Build.0 = Debug|Any CPU
		{28DFE9BA-AD14-47EF-BB83-6958A2E58598}.Debug|x64.ActiveCfg = Debug|Any CPU
		{28DFE9BA-AD14-47EF-BB83-6958A2E58598}.Debug|x64.Build.0 = Debug|Any CPU
		{28DFE9BA-AD14-47EF-BB83-6958A2E58598}.Debug|x86.ActiveCfg = Debug|Any CPU
		{28DFE9BA-AD14-47EF-BB83-6958A2E58598}.Debug|x86.Build.0 = Debug|Any CPU
		{28DFE9BA-AD14-47EF-BB83-6958A2E58598}.Release|Any CPU.ActiveCfg = Release|Any CPU
		{28DFE9BA-AD14-47EF-BB83-6958A2E58598}.Release|Any CPU.Build.0 = Release|Any CPU
		{28DFE9BA-AD14-47EF-BB83-6958A2E58598}.Release|x64.ActiveCfg = Release|Any CPU
		{28DFE9BA-AD14-47EF-BB83-6958A2E58598}.Release|x64.Build.0 = Release|Any CPU
		{28DFE9BA-AD14-47EF-BB83-6958A2E58598}.Release|x86.ActiveCfg = Release|Any CPU
		{28DFE9BA-AD14-47EF-BB83-6958A2E58598}.Release|x86.Build.0 = Release|Any CPU
		{9D93E109-89C1-4EDD-8BCC-259096246174}.Debug|Any CPU.ActiveCfg = Debug|Any CPU
		{9D93E109-89C1-4EDD-8BCC-259096246174}.Debug|Any CPU.Build.0 = Debug|Any CPU
		{9D93E109-89C1-4EDD-8BCC-259096246174}.Debug|x64.ActiveCfg = Debug|Any CPU
		{9D93E109-89C1-4EDD-8BCC-259096246174}.Debug|x64.Build.0 = Debug|Any CPU
		{9D93E109-89C1-4EDD-8BCC-259096246174}.Debug|x86.ActiveCfg = Debug|Any CPU
		{9D93E109-89C1-4EDD-8BCC-259096246174}.Debug|x86.Build.0 = Debug|Any CPU
		{9D93E109-89C1-4EDD-8BCC-259096246174}.Release|Any CPU.ActiveCfg = Release|Any CPU
		{9D93E109-89C1-4EDD-8BCC-259096246174}.Release|Any CPU.Build.0 = Release|Any CPU
		{9D93E109-89C1-4EDD-8BCC-259096246174}.Release|x64.ActiveCfg = Release|Any CPU
		{9D93E109-89C1-4EDD-8BCC-259096246174}.Release|x64.Build.0 = Release|Any CPU
		{9D93E109-89C1-4EDD-8BCC-259096246174}.Release|x86.ActiveCfg = Release|Any CPU
		{9D93E109-89C1-4EDD-8BCC-259096246174}.Release|x86.Build.0 = Release|Any CPU
		{603A1E51-CDA1-4B24-8E94-3A96E5EC38C1}.Debug|Any CPU.ActiveCfg = Debug|Any CPU
		{603A1E51-CDA1-4B24-8E94-3A96E5EC38C1}.Debug|Any CPU.Build.0 = Debug|Any CPU
		{603A1E51-CDA1-4B24-8E94-3A96E5EC38C1}.Debug|x64.ActiveCfg = Debug|Any CPU
		{603A1E51-CDA1-4B24-8E94-3A96E5EC38C1}.Debug|x64.Build.0 = Debug|Any CPU
		{603A1E51-CDA1-4B24-8E94-3A96E5EC38C1}.Debug|x86.ActiveCfg = Debug|Any CPU
		{603A1E51-CDA1-4B24-8E94-3A96E5EC38C1}.Debug|x86.Build.0 = Debug|Any CPU
		{603A1E51-CDA1-4B24-8E94-3A96E5EC38C1}.Release|Any CPU.ActiveCfg = Release|Any CPU
		{603A1E51-CDA1-4B24-8E94-3A96E5EC38C1}.Release|Any CPU.Build.0 = Release|Any CPU
		{603A1E51-CDA1-4B24-8E94-3A96E5EC38C1}.Release|x64.ActiveCfg = Release|Any CPU
		{603A1E51-CDA1-4B24-8E94-3A96E5EC38C1}.Release|x64.Build.0 = Release|Any CPU
		{603A1E51-CDA1-4B24-8E94-3A96E5EC38C1}.Release|x86.ActiveCfg = Release|Any CPU
		{603A1E51-CDA1-4B24-8E94-3A96E5EC38C1}.Release|x86.Build.0 = Release|Any CPU
		{5AB7FC9D-F736-4557-95D1-2D496ADC30E8}.Debug|Any CPU.ActiveCfg = Debug|Any CPU
		{5AB7FC9D-F736-4557-95D1-2D496ADC30E8}.Debug|Any CPU.Build.0 = Debug|Any CPU
		{5AB7FC9D-F736-4557-95D1-2D496ADC30E8}.Debug|x64.ActiveCfg = Debug|Any CPU
		{5AB7FC9D-F736-4557-95D1-2D496ADC30E8}.Debug|x64.Build.0 = Debug|Any CPU
		{5AB7FC9D-F736-4557-95D1-2D496ADC30E8}.Debug|x86.ActiveCfg = Debug|Any CPU
		{5AB7FC9D-F736-4557-95D1-2D496ADC30E8}.Debug|x86.Build.0 = Debug|Any CPU
		{5AB7FC9D-F736-4557-95D1-2D496ADC30E8}.Release|Any CPU.ActiveCfg = Release|Any CPU
		{5AB7FC9D-F736-4557-95D1-2D496ADC30E8}.Release|Any CPU.Build.0 = Release|Any CPU
		{5AB7FC9D-F736-4557-95D1-2D496ADC30E8}.Release|x64.ActiveCfg = Release|Any CPU
		{5AB7FC9D-F736-4557-95D1-2D496ADC30E8}.Release|x64.Build.0 = Release|Any CPU
		{5AB7FC9D-F736-4557-95D1-2D496ADC30E8}.Release|x86.ActiveCfg = Release|Any CPU
		{5AB7FC9D-F736-4557-95D1-2D496ADC30E8}.Release|x86.Build.0 = Release|Any CPU
	EndGlobalSection
	GlobalSection(SolutionProperties) = preSolution
		HideSolutionNode = FALSE
	EndGlobalSection
	GlobalSection(ExtensibilityGlobals) = postSolution
		SolutionGuid = {0AE50BD6-8EAA-4A86-99E3-126B83A66272}
	EndGlobalSection
EndGlobal
